
Microsoft Visual Studio Solution File, Format Version 12.00
# Visual Studio Version 16
VisualStudioVersion = 16.0.28917.181
MinimumVisualStudioVersion = 10.0.40219.1
Project("{2150E333-8FDC-42A3-9474-1A3956D46DE8}") = "src", "src", "{793A7338-2871-494B-B9ED-00F8FC81F189}"
EndProject
Project("{9A19103F-16F7-4668-BE54-9A1E7A4F7556}") = "Younited.MassTransit.Trigger", "src\Younited.MassTransit.Trigger\Younited.MassTransit.Trigger.csproj", "{B57AFC35-63D1-4B36-B002-3EC7E38C15AD}"
EndProject
Global
	GlobalSection(SolutionConfigurationPlatforms) = preSolution
		Debug|Any CPU = Debug|Any CPU
		Release|Any CPU = Release|Any CPU
	EndGlobalSection
	GlobalSection(ProjectConfigurationPlatforms) = postSolution
		{B57AFC35-63D1-4B36-B002-3EC7E38C15AD}.Debug|Any CPU.ActiveCfg = Debug|Any CPU
		{B57AFC35-63D1-4B36-B002-3EC7E38C15AD}.Debug|Any CPU.Build.0 = Debug|Any CPU
		{B57AFC35-63D1-4B36-B002-3EC7E38C15AD}.Release|Any CPU.ActiveCfg = Release|Any CPU
		{B57AFC35-63D1-4B36-B002-3EC7E38C15AD}.Release|Any CPU.Build.0 = Release|Any CPU
	EndGlobalSection
	GlobalSection(SolutionProperties) = preSolution
		HideSolutionNode = FALSE
	EndGlobalSection
	GlobalSection(NestedProjects) = preSolution
		{B57AFC35-63D1-4B36-B002-3EC7E38C15AD} = {793A7338-2871-494B-B9ED-00F8FC81F189}
	EndGlobalSection
	GlobalSection(ExtensibilityGlobals) = postSolution
		SolutionGuid = {997A5896-D677-48DC-A156-2EBFF81656DA}
	EndGlobalSection
EndGlobal
